{
    "name": "chate",
    "lockfileVersion": 3,
    "requires": true,
    "packages": {
        "": {
            "name": "chate",
            "workspaces": [
                "packages/*"
            ]
        },
        "node_modules/@chate/backend": {
            "resolved": "packages/backend",
            "link": true
        },
        "node_modules/@chate/frontend": {
            "resolved": "packages/frontend",
            "link": true
        },
        "packages/backend": {
            "name": "@chate/backend",
            "version": "1.0.0",
            "license": "MIT"
        },
        "packages/frontend": {
            "name": "@chate/frontend",
            "version": "1.0.0",
            "license": "MIT",
            "dependencies": {
                "@chate/backend": "^1.0.0"
            }
        }
    }
}
